// !$*UTF8*$!
{
	archiveVersion = 1;
	classes = {
	};
	objectVersion = 51;
	objects = {

/* Begin PBXBuildFile section */
		0613D30024EE71A7002785AB /* GoogleService-Info.plist in Resources */ = {isa = PBXBuildFile; fileRef = 0613D2FF24EE71A7002785AB /* GoogleService-Info.plist */; };
		063501BF24F3E8030044923A /* Entry.swift in Sources */ = {isa = PBXBuildFile; fileRef = 063501BE24F3E8030044923A /* Entry.swift */; };
		063501C124F3EC730044923A /* FirebaseManager.swift in Sources */ = {isa = PBXBuildFile; fileRef = 063501C024F3EC730044923A /* FirebaseManager.swift */; };
		063501C424F539C20044923A /* LoadingVC.swift in Sources */ = {isa = PBXBuildFile; fileRef = 063501C224F539C20044923A /* LoadingVC.swift */; };
		063501C524F539C20044923A /* LoadingVC.xib in Resources */ = {isa = PBXBuildFile; fileRef = 063501C324F539C20044923A /* LoadingVC.xib */; };
		063501C924FA76FA0044923A /* UsersVC.swift in Sources */ = {isa = PBXBuildFile; fileRef = 063501C724FA76FA0044923A /* UsersVC.swift */; };
		063501CA24FA76FA0044923A /* UsersVC.xib in Resources */ = {isa = PBXBuildFile; fileRef = 063501C824FA76FA0044923A /* UsersVC.xib */; };
		063501CD24FA7E280044923A /* UsersPresenter.swift in Sources */ = {isa = PBXBuildFile; fileRef = 063501CC24FA7E280044923A /* UsersPresenter.swift */; };
		063501D424FAD4250044923A /* UserCell.swift in Sources */ = {isa = PBXBuildFile; fileRef = 063501D224FAD4250044923A /* UserCell.swift */; };
		063501D524FAD4250044923A /* UserCell.xib in Resources */ = {isa = PBXBuildFile; fileRef = 063501D324FAD4250044923A /* UserCell.xib */; };
		063501D824FBC2190044923A /* UserAccountVC.swift in Sources */ = {isa = PBXBuildFile; fileRef = 063501D624FBC2190044923A /* UserAccountVC.swift */; };
		063501D924FBC2190044923A /* UserAccountVC.xib in Resources */ = {isa = PBXBuildFile; fileRef = 063501D724FBC2190044923A /* UserAccountVC.xib */; };
		0638E4AE24E9211A006A5956 /* MonthPresenter.swift in Sources */ = {isa = PBXBuildFile; fileRef = 0638E4AD24E9211A006A5956 /* MonthPresenter.swift */; };
		0638E4B124E925CF006A5956 /* MonthsVC.swift in Sources */ = {isa = PBXBuildFile; fileRef = 0638E4AF24E925CF006A5956 /* MonthsVC.swift */; };
		0638E4B524E927F0006A5956 /* DayCell.swift in Sources */ = {isa = PBXBuildFile; fileRef = 0638E4B324E927F0006A5956 /* DayCell.swift */; };
		0675DBA124E91C6600F3D65E /* AppDelegate.swift in Sources */ = {isa = PBXBuildFile; fileRef = 0675DBA024E91C6600F3D65E /* AppDelegate.swift */; };
		0675DBA324E91C6600F3D65E /* SceneDelegate.swift in Sources */ = {isa = PBXBuildFile; fileRef = 0675DBA224E91C6600F3D65E /* SceneDelegate.swift */; };
		0675DBAA24E91C6700F3D65E /* Assets.xcassets in Resources */ = {isa = PBXBuildFile; fileRef = 0675DBA924E91C6700F3D65E /* Assets.xcassets */; };
		0675DBAD24E91C6700F3D65E /* LaunchScreen.storyboard in Resources */ = {isa = PBXBuildFile; fileRef = 0675DBAB24E91C6700F3D65E /* LaunchScreen.storyboard */; };
		0675DBB824E91C6700F3D65E /* OPNailsTests.swift in Sources */ = {isa = PBXBuildFile; fileRef = 0675DBB724E91C6700F3D65E /* OPNailsTests.swift */; };
		0696468924E955BF008109E9 /* Appearance.swift in Sources */ = {isa = PBXBuildFile; fileRef = 0696468824E955BF008109E9 /* Appearance.swift */; };
		0696468E24E95BD7008109E9 /* DateModel.swift in Sources */ = {isa = PBXBuildFile; fileRef = 0696468D24E95BD7008109E9 /* DateModel.swift */; };
		0696469024E95C04008109E9 /* DateManager.swift in Sources */ = {isa = PBXBuildFile; fileRef = 0696468F24E95C04008109E9 /* DateManager.swift */; };
		0696469224E97E8F008109E9 /* Presenter.swift in Sources */ = {isa = PBXBuildFile; fileRef = 0696469124E97E8F008109E9 /* Presenter.swift */; };
		0696469424E998D2008109E9 /* ReusableView.swift in Sources */ = {isa = PBXBuildFile; fileRef = 0696469324E998D2008109E9 /* ReusableView.swift */; };
		0696469724E99B97008109E9 /* MonthNameHeaderView.swift in Sources */ = {isa = PBXBuildFile; fileRef = 0696469524E99B97008109E9 /* MonthNameHeaderView.swift */; };
		0696469824E99B97008109E9 /* MonthNameHeaderView.xib in Resources */ = {isa = PBXBuildFile; fileRef = 0696469624E99B97008109E9 /* MonthNameHeaderView.xib */; };
		069646A224EB0950008109E9 /* AdminHoursListVC.swift in Sources */ = {isa = PBXBuildFile; fileRef = 069646A024EB0950008109E9 /* AdminHoursListVC.swift */; };
		069646A724EB0B5C008109E9 /* HoursCell.swift in Sources */ = {isa = PBXBuildFile; fileRef = 069646A524EB0B5C008109E9 /* HoursCell.swift */; };
		069646A824EB0B5C008109E9 /* HoursCell.xib in Resources */ = {isa = PBXBuildFile; fileRef = 069646A624EB0B5C008109E9 /* HoursCell.xib */; };
		069646AA24EB315D008109E9 /* HoursPresenter.swift in Sources */ = {isa = PBXBuildFile; fileRef = 069646A924EB315D008109E9 /* HoursPresenter.swift */; };
		069646AD24EBE07F008109E9 /* DayRowItemModel.swift in Sources */ = {isa = PBXBuildFile; fileRef = 069646AC24EBE07F008109E9 /* DayRowItemModel.swift */; };
		069646B424EBE314008109E9 /* NewEntryVC.swift in Sources */ = {isa = PBXBuildFile; fileRef = 069646B224EBE313008109E9 /* NewEntryVC.swift */; };
		069646B524EBE314008109E9 /* NewEntryVC.xib in Resources */ = {isa = PBXBuildFile; fileRef = 069646B324EBE313008109E9 /* NewEntryVC.xib */; };
		069646BE24ED2876008109E9 /* EntryPresenter.swift in Sources */ = {isa = PBXBuildFile; fileRef = 069646BD24ED2876008109E9 /* EntryPresenter.swift */; };
		069646C324ED8999008109E9 /* EmptyCell.swift in Sources */ = {isa = PBXBuildFile; fileRef = 069646C124ED8999008109E9 /* EmptyCell.swift */; };
		06A26E4D24FBCD9F00E13F2C /* UserPresenter.swift in Sources */ = {isa = PBXBuildFile; fileRef = 06A26E4C24FBCD9F00E13F2C /* UserPresenter.swift */; };
		06BD9D6324FFD08D0071355C /* DateExtensionTests.swift in Sources */ = {isa = PBXBuildFile; fileRef = 06BD9D6224FFD08D0071355C /* DateExtensionTests.swift */; };
		06BD9D6624FFD10C0071355C /* Date+NewFunctions.swift in Sources */ = {isa = PBXBuildFile; fileRef = 06BD9D6524FFD10C0071355C /* Date+NewFunctions.swift */; };
		06BD9D68250128770071355C /* Constants.swift in Sources */ = {isa = PBXBuildFile; fileRef = 06BD9D67250128770071355C /* Constants.swift */; };
		06BD9D6B250294FC0071355C /* PricelistVC.swift in Sources */ = {isa = PBXBuildFile; fileRef = 06BD9D69250294FC0071355C /* PricelistVC.swift */; };
		06BD9D6C250294FC0071355C /* PricelistVC.xib in Resources */ = {isa = PBXBuildFile; fileRef = 06BD9D6A250294FC0071355C /* PricelistVC.xib */; };
		06C23C1524F19829000FF475 /* MonthViewProtocols.swift in Sources */ = {isa = PBXBuildFile; fileRef = 06C23C1424F19829000FF475 /* MonthViewProtocols.swift */; };
		06C23C1A24F29921000FF475 /* DayCell.xib in Resources */ = {isa = PBXBuildFile; fileRef = 06C23C1824F29921000FF475 /* DayCell.xib */; };
		06C23C1B24F29921000FF475 /* EmptyCell.xib in Resources */ = {isa = PBXBuildFile; fileRef = 06C23C1924F29921000FF475 /* EmptyCell.xib */; };
		06C23C1D24F3E33E000FF475 /* User.swift in Sources */ = {isa = PBXBuildFile; fileRef = 06C23C1C24F3E33E000FF475 /* User.swift */; };
		06DF79F924EE8F51001F7FF1 /* LoginVC.swift in Sources */ = {isa = PBXBuildFile; fileRef = 06DF79F724EE8F51001F7FF1 /* LoginVC.swift */; };
		06DF79FA24EE8F51001F7FF1 /* LoginVC.xib in Resources */ = {isa = PBXBuildFile; fileRef = 06DF79F824EE8F51001F7FF1 /* LoginVC.xib */; };
		06DF79FC24EE9AF8001F7FF1 /* LoginPresenter.swift in Sources */ = {isa = PBXBuildFile; fileRef = 06DF79FB24EE9AF8001F7FF1 /* LoginPresenter.swift */; };
		06DF7A0224EFF90C001F7FF1 /* RegistrationVC.swift in Sources */ = {isa = PBXBuildFile; fileRef = 06DF7A0024EFF90C001F7FF1 /* RegistrationVC.swift */; };
		06DF7A0324EFF90C001F7FF1 /* RegistrationVC.xib in Resources */ = {isa = PBXBuildFile; fileRef = 06DF7A0124EFF90C001F7FF1 /* RegistrationVC.xib */; };
		3587DB117182B06719BDBC94 /* Pods_OPNails.framework in Frameworks */ = {isa = PBXBuildFile; fileRef = 1E3540BF450704A635BCE84B /* Pods_OPNails.framework */; };
		C11E2488A0B929F821892FAA /* Pods_OPNailsTests.framework in Frameworks */ = {isa = PBXBuildFile; fileRef = 6099ABD8F0F6BBEC5679757A /* Pods_OPNailsTests.framework */; };
/* End PBXBuildFile section */

/* Begin PBXContainerItemProxy section */
		0675DBB424E91C6700F3D65E /* PBXContainerItemProxy */ = {
			isa = PBXContainerItemProxy;
			containerPortal = 0675DB9524E91C6600F3D65E /* Project object */;
			proxyType = 1;
			remoteGlobalIDString = 0675DB9C24E91C6600F3D65E;
			remoteInfo = OPNails;
		};
/* End PBXContainerItemProxy section */

/* Begin PBXFileReference section */
		0613D2FF24EE71A7002785AB /* GoogleService-Info.plist */ = {isa = PBXFileReference; fileEncoding = 4; lastKnownFileType = text.plist.xml; path = "GoogleService-Info.plist"; sourceTree = "<group>"; };
		063501BE24F3E8030044923A /* Entry.swift */ = {isa = PBXFileReference; lastKnownFileType = sourcecode.swift; path = Entry.swift; sourceTree = "<group>"; };
		063501C024F3EC730044923A /* FirebaseManager.swift */ = {isa = PBXFileReference; lastKnownFileType = sourcecode.swift; path = FirebaseManager.swift; sourceTree = "<group>"; };
		063501C224F539C20044923A /* LoadingVC.swift */ = {isa = PBXFileReference; lastKnownFileType = sourcecode.swift; path = LoadingVC.swift; sourceTree = "<group>"; };
		063501C324F539C20044923A /* LoadingVC.xib */ = {isa = PBXFileReference; lastKnownFileType = file.xib; path = LoadingVC.xib; sourceTree = "<group>"; };
		063501C724FA76FA0044923A /* UsersVC.swift */ = {isa = PBXFileReference; lastKnownFileType = sourcecode.swift; path = UsersVC.swift; sourceTree = "<group>"; };
		063501C824FA76FA0044923A /* UsersVC.xib */ = {isa = PBXFileReference; lastKnownFileType = file.xib; path = UsersVC.xib; sourceTree = "<group>"; };
		063501CC24FA7E280044923A /* UsersPresenter.swift */ = {isa = PBXFileReference; lastKnownFileType = sourcecode.swift; path = UsersPresenter.swift; sourceTree = "<group>"; };
		063501D224FAD4250044923A /* UserCell.swift */ = {isa = PBXFileReference; lastKnownFileType = sourcecode.swift; path = UserCell.swift; sourceTree = "<group>"; };
		063501D324FAD4250044923A /* UserCell.xib */ = {isa = PBXFileReference; lastKnownFileType = file.xib; path = UserCell.xib; sourceTree = "<group>"; };
		063501D624FBC2190044923A /* UserAccountVC.swift */ = {isa = PBXFileReference; lastKnownFileType = sourcecode.swift; path = UserAccountVC.swift; sourceTree = "<group>"; };
		063501D724FBC2190044923A /* UserAccountVC.xib */ = {isa = PBXFileReference; lastKnownFileType = file.xib; path = UserAccountVC.xib; sourceTree = "<group>"; };
		0638E4AD24E9211A006A5956 /* MonthPresenter.swift */ = {isa = PBXFileReference; lastKnownFileType = sourcecode.swift; path = MonthPresenter.swift; sourceTree = "<group>"; };
		0638E4AF24E925CF006A5956 /* MonthsVC.swift */ = {isa = PBXFileReference; lastKnownFileType = sourcecode.swift; path = MonthsVC.swift; sourceTree = "<group>"; };
		0638E4B324E927F0006A5956 /* DayCell.swift */ = {isa = PBXFileReference; lastKnownFileType = sourcecode.swift; path = DayCell.swift; sourceTree = "<group>"; };
		0660B52D0DB9045A2E3DA871 /* Pods-OPNails.release.xcconfig */ = {isa = PBXFileReference; includeInIndex = 1; lastKnownFileType = text.xcconfig; name = "Pods-OPNails.release.xcconfig"; path = "Target Support Files/Pods-OPNails/Pods-OPNails.release.xcconfig"; sourceTree = "<group>"; };
		0675DB9D24E91C6600F3D65E /* OPNails.app */ = {isa = PBXFileReference; explicitFileType = wrapper.application; includeInIndex = 0; path = OPNails.app; sourceTree = BUILT_PRODUCTS_DIR; };
		0675DBA024E91C6600F3D65E /* AppDelegate.swift */ = {isa = PBXFileReference; lastKnownFileType = sourcecode.swift; path = AppDelegate.swift; sourceTree = "<group>"; };
		0675DBA224E91C6600F3D65E /* SceneDelegate.swift */ = {isa = PBXFileReference; lastKnownFileType = sourcecode.swift; path = SceneDelegate.swift; sourceTree = "<group>"; };
		0675DBA924E91C6700F3D65E /* Assets.xcassets */ = {isa = PBXFileReference; lastKnownFileType = folder.assetcatalog; path = Assets.xcassets; sourceTree = "<group>"; };
		0675DBAC24E91C6700F3D65E /* Base */ = {isa = PBXFileReference; lastKnownFileType = file.storyboard; name = Base; path = Base.lproj/LaunchScreen.storyboard; sourceTree = "<group>"; };
		0675DBAE24E91C6700F3D65E /* Info.plist */ = {isa = PBXFileReference; lastKnownFileType = text.plist.xml; path = Info.plist; sourceTree = "<group>"; };
		0675DBB324E91C6700F3D65E /* OPNailsTests.xctest */ = {isa = PBXFileReference; explicitFileType = wrapper.cfbundle; includeInIndex = 0; path = OPNailsTests.xctest; sourceTree = BUILT_PRODUCTS_DIR; };
		0675DBB724E91C6700F3D65E /* OPNailsTests.swift */ = {isa = PBXFileReference; lastKnownFileType = sourcecode.swift; path = OPNailsTests.swift; sourceTree = "<group>"; };
		0675DBB924E91C6700F3D65E /* Info.plist */ = {isa = PBXFileReference; lastKnownFileType = text.plist.xml; path = Info.plist; sourceTree = "<group>"; };
		0696468824E955BF008109E9 /* Appearance.swift */ = {isa = PBXFileReference; lastKnownFileType = sourcecode.swift; path = Appearance.swift; sourceTree = "<group>"; };
		0696468D24E95BD7008109E9 /* DateModel.swift */ = {isa = PBXFileReference; lastKnownFileType = sourcecode.swift; path = DateModel.swift; sourceTree = "<group>"; };
		0696468F24E95C04008109E9 /* DateManager.swift */ = {isa = PBXFileReference; lastKnownFileType = sourcecode.swift; path = DateManager.swift; sourceTree = "<group>"; };
		0696469124E97E8F008109E9 /* Presenter.swift */ = {isa = PBXFileReference; lastKnownFileType = sourcecode.swift; path = Presenter.swift; sourceTree = "<group>"; };
		0696469324E998D2008109E9 /* ReusableView.swift */ = {isa = PBXFileReference; lastKnownFileType = sourcecode.swift; path = ReusableView.swift; sourceTree = "<group>"; };
		0696469524E99B97008109E9 /* MonthNameHeaderView.swift */ = {isa = PBXFileReference; lastKnownFileType = sourcecode.swift; path = MonthNameHeaderView.swift; sourceTree = "<group>"; };
		0696469624E99B97008109E9 /* MonthNameHeaderView.xib */ = {isa = PBXFileReference; lastKnownFileType = file.xib; path = MonthNameHeaderView.xib; sourceTree = "<group>"; };
		069646A024EB0950008109E9 /* AdminHoursListVC.swift */ = {isa = PBXFileReference; lastKnownFileType = sourcecode.swift; path = AdminHoursListVC.swift; sourceTree = "<group>"; };
		069646A524EB0B5C008109E9 /* HoursCell.swift */ = {isa = PBXFileReference; lastKnownFileType = sourcecode.swift; path = HoursCell.swift; sourceTree = "<group>"; };
		069646A624EB0B5C008109E9 /* HoursCell.xib */ = {isa = PBXFileReference; lastKnownFileType = file.xib; path = HoursCell.xib; sourceTree = "<group>"; };
		069646A924EB315D008109E9 /* HoursPresenter.swift */ = {isa = PBXFileReference; lastKnownFileType = sourcecode.swift; path = HoursPresenter.swift; sourceTree = "<group>"; };
		069646AC24EBE07F008109E9 /* DayRowItemModel.swift */ = {isa = PBXFileReference; lastKnownFileType = sourcecode.swift; path = DayRowItemModel.swift; sourceTree = "<group>"; };
		069646B224EBE313008109E9 /* NewEntryVC.swift */ = {isa = PBXFileReference; lastKnownFileType = sourcecode.swift; path = NewEntryVC.swift; sourceTree = "<group>"; };
		069646B324EBE313008109E9 /* NewEntryVC.xib */ = {isa = PBXFileReference; lastKnownFileType = file.xib; path = NewEntryVC.xib; sourceTree = "<group>"; };
		069646BD24ED2876008109E9 /* EntryPresenter.swift */ = {isa = PBXFileReference; lastKnownFileType = sourcecode.swift; path = EntryPresenter.swift; sourceTree = "<group>"; };
		069646C124ED8999008109E9 /* EmptyCell.swift */ = {isa = PBXFileReference; lastKnownFileType = sourcecode.swift; path = EmptyCell.swift; sourceTree = "<group>"; };
		06A26E4C24FBCD9F00E13F2C /* UserPresenter.swift */ = {isa = PBXFileReference; lastKnownFileType = sourcecode.swift; path = UserPresenter.swift; sourceTree = "<group>"; };
		06BD9D6224FFD08D0071355C /* DateExtensionTests.swift */ = {isa = PBXFileReference; lastKnownFileType = sourcecode.swift; path = DateExtensionTests.swift; sourceTree = "<group>"; };
		06BD9D6524FFD10C0071355C /* Date+NewFunctions.swift */ = {isa = PBXFileReference; lastKnownFileType = sourcecode.swift; path = "Date+NewFunctions.swift"; sourceTree = "<group>"; };
		06BD9D67250128770071355C /* Constants.swift */ = {isa = PBXFileReference; lastKnownFileType = sourcecode.swift; path = Constants.swift; sourceTree = "<group>"; };
		06BD9D69250294FC0071355C /* PricelistVC.swift */ = {isa = PBXFileReference; lastKnownFileType = sourcecode.swift; path = PricelistVC.swift; sourceTree = "<group>"; };
		06BD9D6A250294FC0071355C /* PricelistVC.xib */ = {isa = PBXFileReference; lastKnownFileType = file.xib; path = PricelistVC.xib; sourceTree = "<group>"; };
		06C23C1424F19829000FF475 /* MonthViewProtocols.swift */ = {isa = PBXFileReference; lastKnownFileType = sourcecode.swift; path = MonthViewProtocols.swift; sourceTree = "<group>"; };
		06C23C1824F29921000FF475 /* DayCell.xib */ = {isa = PBXFileReference; fileEncoding = 4; lastKnownFileType = file.xib; path = DayCell.xib; sourceTree = "<group>"; };
		06C23C1924F29921000FF475 /* EmptyCell.xib */ = {isa = PBXFileReference; fileEncoding = 4; lastKnownFileType = file.xib; path = EmptyCell.xib; sourceTree = "<group>"; };
		06C23C1C24F3E33E000FF475 /* User.swift */ = {isa = PBXFileReference; lastKnownFileType = sourcecode.swift; path = User.swift; sourceTree = "<group>"; };
		06DF79F724EE8F51001F7FF1 /* LoginVC.swift */ = {isa = PBXFileReference; lastKnownFileType = sourcecode.swift; path = LoginVC.swift; sourceTree = "<group>"; };
		06DF79F824EE8F51001F7FF1 /* LoginVC.xib */ = {isa = PBXFileReference; lastKnownFileType = file.xib; path = LoginVC.xib; sourceTree = "<group>"; };
		06DF79FB24EE9AF8001F7FF1 /* LoginPresenter.swift */ = {isa = PBXFileReference; lastKnownFileType = sourcecode.swift; path = LoginPresenter.swift; sourceTree = "<group>"; };
		06DF7A0024EFF90C001F7FF1 /* RegistrationVC.swift */ = {isa = PBXFileReference; lastKnownFileType = sourcecode.swift; path = RegistrationVC.swift; sourceTree = "<group>"; };
		06DF7A0124EFF90C001F7FF1 /* RegistrationVC.xib */ = {isa = PBXFileReference; lastKnownFileType = file.xib; path = RegistrationVC.xib; sourceTree = "<group>"; };
		1E3540BF450704A635BCE84B /* Pods_OPNails.framework */ = {isa = PBXFileReference; explicitFileType = wrapper.framework; includeInIndex = 0; path = Pods_OPNails.framework; sourceTree = BUILT_PRODUCTS_DIR; };
		28F9B780D134CBA7F86902B1 /* Pods-OPNailsTests.debug.xcconfig */ = {isa = PBXFileReference; includeInIndex = 1; lastKnownFileType = text.xcconfig; name = "Pods-OPNailsTests.debug.xcconfig"; path = "Target Support Files/Pods-OPNailsTests/Pods-OPNailsTests.debug.xcconfig"; sourceTree = "<group>"; };
		6099ABD8F0F6BBEC5679757A /* Pods_OPNailsTests.framework */ = {isa = PBXFileReference; explicitFileType = wrapper.framework; includeInIndex = 0; path = Pods_OPNailsTests.framework; sourceTree = BUILT_PRODUCTS_DIR; };
		A75FCB363F44AACC9DF6B621 /* Pods-OPNails.debug.xcconfig */ = {isa = PBXFileReference; includeInIndex = 1; lastKnownFileType = text.xcconfig; name = "Pods-OPNails.debug.xcconfig"; path = "Target Support Files/Pods-OPNails/Pods-OPNails.debug.xcconfig"; sourceTree = "<group>"; };
		FB67019C92EBA41B8D59547B /* Pods-OPNailsTests.release.xcconfig */ = {isa = PBXFileReference; includeInIndex = 1; lastKnownFileType = text.xcconfig; name = "Pods-OPNailsTests.release.xcconfig"; path = "Target Support Files/Pods-OPNailsTests/Pods-OPNailsTests.release.xcconfig"; sourceTree = "<group>"; };
/* End PBXFileReference section */

/* Begin PBXFrameworksBuildPhase section */
		0675DB9A24E91C6600F3D65E /* Frameworks */ = {
			isa = PBXFrameworksBuildPhase;
			buildActionMask = 2147483647;
			files = (
				3587DB117182B06719BDBC94 /* Pods_OPNails.framework in Frameworks */,
			);
			runOnlyForDeploymentPostprocessing = 0;
		};
		0675DBB024E91C6700F3D65E /* Frameworks */ = {
			isa = PBXFrameworksBuildPhase;
			buildActionMask = 2147483647;
			files = (
				C11E2488A0B929F821892FAA /* Pods_OPNailsTests.framework in Frameworks */,
			);
			runOnlyForDeploymentPostprocessing = 0;
		};
/* End PBXFrameworksBuildPhase section */

/* Begin PBXGroup section */
		063501C624F547180044923A /* LoadingVC */ = {
			isa = PBXGroup;
			children = (
				063501C224F539C20044923A /* LoadingVC.swift */,
				063501C324F539C20044923A /* LoadingVC.xib */,
			);
			path = LoadingVC;
			sourceTree = "<group>";
		};
		063501CB24FA77010044923A /* UsersSceen */ = {
			isa = PBXGroup;
			children = (
				063501CC24FA7E280044923A /* UsersPresenter.swift */,
				063501C724FA76FA0044923A /* UsersVC.swift */,
				063501C824FA76FA0044923A /* UsersVC.xib */,
			);
			path = UsersSceen;
			sourceTree = "<group>";
		};
		0675DB9424E91C6600F3D65E = {
			isa = PBXGroup;
			children = (
				0675DB9F24E91C6600F3D65E /* OPNails */,
				0675DBB624E91C6700F3D65E /* OPNailsTests */,
				0675DB9E24E91C6600F3D65E /* Products */,
				F90CE7415D36C4D64BD0A8AD /* Pods */,
				26C5B6BFC4F458550E7FBE2E /* Frameworks */,
			);
			sourceTree = "<group>";
		};
		0675DB9E24E91C6600F3D65E /* Products */ = {
			isa = PBXGroup;
			children = (
				0675DB9D24E91C6600F3D65E /* OPNails.app */,
				0675DBB324E91C6700F3D65E /* OPNailsTests.xctest */,
			);
			name = Products;
			sourceTree = "<group>";
		};
		0675DB9F24E91C6600F3D65E /* OPNails */ = {
			isa = PBXGroup;
			children = (
				0696469E24E9A313008109E9 /* Managers */,
				0696469A24E9A175008109E9 /* Model */,
				06C23C0F24F194A2000FF475 /* Screens */,
				0696469B24E9A1A8008109E9 /* SupportingFiles */,
				06BD9D6424FFD0EB0071355C /* Extensions */,
				0696469F24E9A336008109E9 /* Protocols */,
			);
			path = OPNails;
			sourceTree = "<group>";
		};
		0675DBB624E91C6700F3D65E /* OPNailsTests */ = {
			isa = PBXGroup;
			children = (
				0675DBB724E91C6700F3D65E /* OPNailsTests.swift */,
				06BD9D6224FFD08D0071355C /* DateExtensionTests.swift */,
				0675DBB924E91C6700F3D65E /* Info.plist */,
			);
			path = OPNailsTests;
			sourceTree = "<group>";
		};
		0696468B24E95A85008109E9 /* MonthScreen */ = {
			isa = PBXGroup;
			children = (
				0638E4AD24E9211A006A5956 /* MonthPresenter.swift */,
				0638E4AF24E925CF006A5956 /* MonthsVC.swift */,
				06A26E4E24FBCDB500E13F2C /* UserAccountScreen */,
				06BD9D6F2502A4790071355C /* PricelistScreen */,
				0696468C24E95A92008109E9 /* Cells */,
				0696469924E9A13C008109E9 /* Views */,
			);
			path = MonthScreen;
			sourceTree = "<group>";
		};
		0696468C24E95A92008109E9 /* Cells */ = {
			isa = PBXGroup;
			children = (
				0638E4B324E927F0006A5956 /* DayCell.swift */,
				06C23C1824F29921000FF475 /* DayCell.xib */,
				06C23C1924F29921000FF475 /* EmptyCell.xib */,
				069646C124ED8999008109E9 /* EmptyCell.swift */,
			);
			path = Cells;
			sourceTree = "<group>";
		};
		0696469924E9A13C008109E9 /* Views */ = {
			isa = PBXGroup;
			children = (
				0696469524E99B97008109E9 /* MonthNameHeaderView.swift */,
				0696469624E99B97008109E9 /* MonthNameHeaderView.xib */,
			);
			path = Views;
			sourceTree = "<group>";
		};
		0696469A24E9A175008109E9 /* Model */ = {
			isa = PBXGroup;
			children = (
				0696468D24E95BD7008109E9 /* DateModel.swift */,
				069646AC24EBE07F008109E9 /* DayRowItemModel.swift */,
				06C23C1C24F3E33E000FF475 /* User.swift */,
				063501BE24F3E8030044923A /* Entry.swift */,
			);
			path = Model;
			sourceTree = "<group>";
		};
		0696469B24E9A1A8008109E9 /* SupportingFiles */ = {
			isa = PBXGroup;
			children = (
				0675DBA024E91C6600F3D65E /* AppDelegate.swift */,
				0675DBA224E91C6600F3D65E /* SceneDelegate.swift */,
				06BD9D67250128770071355C /* Constants.swift */,
				0696468824E955BF008109E9 /* Appearance.swift */,
				0675DBA924E91C6700F3D65E /* Assets.xcassets */,
				0675DBAB24E91C6700F3D65E /* LaunchScreen.storyboard */,
				0675DBAE24E91C6700F3D65E /* Info.plist */,
				0613D2FF24EE71A7002785AB /* GoogleService-Info.plist */,
			);
			path = SupportingFiles;
			sourceTree = "<group>";
		};
		0696469E24E9A313008109E9 /* Managers */ = {
			isa = PBXGroup;
			children = (
				0696468F24E95C04008109E9 /* DateManager.swift */,
				063501C024F3EC730044923A /* FirebaseManager.swift */,
			);
			path = Managers;
			sourceTree = "<group>";
		};
		0696469F24E9A336008109E9 /* Protocols */ = {
			isa = PBXGroup;
			children = (
				0696469124E97E8F008109E9 /* Presenter.swift */,
				0696469324E998D2008109E9 /* ReusableView.swift */,
				06C23C1424F19829000FF475 /* MonthViewProtocols.swift */,
			);
			path = Protocols;
			sourceTree = "<group>";
		};
		069646A424EB0959008109E9 /* HoursScreen */ = {
			isa = PBXGroup;
			children = (
				069646A924EB315D008109E9 /* HoursPresenter.swift */,
				069646A024EB0950008109E9 /* AdminHoursListVC.swift */,
				063501CB24FA77010044923A /* UsersSceen */,
				069646B624EBF0E7008109E9 /* NewEntryScreen */,
				069646AB24EBDF7E008109E9 /* Cells */,
			);
			path = HoursScreen;
			sourceTree = "<group>";
		};
		069646AB24EBDF7E008109E9 /* Cells */ = {
			isa = PBXGroup;
			children = (
				069646A524EB0B5C008109E9 /* HoursCell.swift */,
				069646A624EB0B5C008109E9 /* HoursCell.xib */,
				063501D224FAD4250044923A /* UserCell.swift */,
				063501D324FAD4250044923A /* UserCell.xib */,
			);
			path = Cells;
			sourceTree = "<group>";
		};
		069646B624EBF0E7008109E9 /* NewEntryScreen */ = {
			isa = PBXGroup;
			children = (
				069646BD24ED2876008109E9 /* EntryPresenter.swift */,
				069646B224EBE313008109E9 /* NewEntryVC.swift */,
				069646B324EBE313008109E9 /* NewEntryVC.xib */,
			);
			path = NewEntryScreen;
			sourceTree = "<group>";
		};
		06A26E4E24FBCDB500E13F2C /* UserAccountScreen */ = {
			isa = PBXGroup;
			children = (
				06A26E4C24FBCD9F00E13F2C /* UserPresenter.swift */,
				063501D624FBC2190044923A /* UserAccountVC.swift */,
				063501D724FBC2190044923A /* UserAccountVC.xib */,
			);
			path = UserAccountScreen;
			sourceTree = "<group>";
		};
		06BD9D6424FFD0EB0071355C /* Extensions */ = {
			isa = PBXGroup;
			children = (
				06BD9D6524FFD10C0071355C /* Date+NewFunctions.swift */,
			);
			name = Extensions;
			path = Protocols;
			sourceTree = "<group>";
		};
		06BD9D6F2502A4790071355C /* PricelistScreen */ = {
			isa = PBXGroup;
			children = (
				06BD9D69250294FC0071355C /* PricelistVC.swift */,
				06BD9D6A250294FC0071355C /* PricelistVC.xib */,
			);
			path = PricelistScreen;
			sourceTree = "<group>";
		};
		06C23C0F24F194A2000FF475 /* Screens */ = {
			isa = PBXGroup;
			children = (
				06DF79FF24EFF89C001F7FF1 /* LoginScreen */,
				063501C624F547180044923A /* LoadingVC */,
				0696468B24E95A85008109E9 /* MonthScreen */,
				069646A424EB0959008109E9 /* HoursScreen */,
			);
			path = Screens;
			sourceTree = "<group>";
		};
		06DF79FF24EFF89C001F7FF1 /* LoginScreen */ = {
			isa = PBXGroup;
			children = (
				06DF79FB24EE9AF8001F7FF1 /* LoginPresenter.swift */,
				06DF79F724EE8F51001F7FF1 /* LoginVC.swift */,
				06DF79F824EE8F51001F7FF1 /* LoginVC.xib */,
				06DF7A0424EFF90F001F7FF1 /* RegistrationScreen */,
			);
			path = LoginScreen;
			sourceTree = "<group>";
		};
		06DF7A0424EFF90F001F7FF1 /* RegistrationScreen */ = {
			isa = PBXGroup;
			children = (
				06DF7A0024EFF90C001F7FF1 /* RegistrationVC.swift */,
				06DF7A0124EFF90C001F7FF1 /* RegistrationVC.xib */,
			);
			path = RegistrationScreen;
			sourceTree = "<group>";
		};
		26C5B6BFC4F458550E7FBE2E /* Frameworks */ = {
			isa = PBXGroup;
			children = (
				1E3540BF450704A635BCE84B /* Pods_OPNails.framework */,
				6099ABD8F0F6BBEC5679757A /* Pods_OPNailsTests.framework */,
			);
			name = Frameworks;
			sourceTree = "<group>";
		};
		F90CE7415D36C4D64BD0A8AD /* Pods */ = {
			isa = PBXGroup;
			children = (
				A75FCB363F44AACC9DF6B621 /* Pods-OPNails.debug.xcconfig */,
				0660B52D0DB9045A2E3DA871 /* Pods-OPNails.release.xcconfig */,
				28F9B780D134CBA7F86902B1 /* Pods-OPNailsTests.debug.xcconfig */,
				FB67019C92EBA41B8D59547B /* Pods-OPNailsTests.release.xcconfig */,
			);
			path = Pods;
			sourceTree = "<group>";
		};
/* End PBXGroup section */

/* Begin PBXNativeTarget section */
		0675DB9C24E91C6600F3D65E /* OPNails */ = {
			isa = PBXNativeTarget;
			buildConfigurationList = 0675DBBC24E91C6700F3D65E /* Build configuration list for PBXNativeTarget "OPNails" */;
			buildPhases = (
				E46B420C04A8FAE2C7CC68B6 /* [CP] Check Pods Manifest.lock */,
				0675DB9924E91C6600F3D65E /* Sources */,
				0675DB9A24E91C6600F3D65E /* Frameworks */,
				0675DB9B24E91C6600F3D65E /* Resources */,
				1071197F580CEE81CB32890D /* [CP] Embed Pods Frameworks */,
			);
			buildRules = (
			);
			dependencies = (
			);
			name = OPNails;
			productName = OPNails;
			productReference = 0675DB9D24E91C6600F3D65E /* OPNails.app */;
			productType = "com.apple.product-type.application";
		};
		0675DBB224E91C6700F3D65E /* OPNailsTests */ = {
			isa = PBXNativeTarget;
			buildConfigurationList = 0675DBBF24E91C6700F3D65E /* Build configuration list for PBXNativeTarget "OPNailsTests" */;
			buildPhases = (
				060710448045C5A5D58AFBF0 /* [CP] Check Pods Manifest.lock */,
				0675DBAF24E91C6700F3D65E /* Sources */,
				0675DBB024E91C6700F3D65E /* Frameworks */,
				0675DBB124E91C6700F3D65E /* Resources */,
			);
			buildRules = (
			);
			dependencies = (
				0675DBB524E91C6700F3D65E /* PBXTargetDependency */,
			);
			name = OPNailsTests;
			productName = OPNailsTests;
			productReference = 0675DBB324E91C6700F3D65E /* OPNailsTests.xctest */;
			productType = "com.apple.product-type.bundle.unit-test";
		};
/* End PBXNativeTarget section */

/* Begin PBXProject section */
		0675DB9524E91C6600F3D65E /* Project object */ = {
			isa = PBXProject;
			attributes = {
				LastSwiftUpdateCheck = 1160;
				LastUpgradeCheck = 1160;
				ORGANIZATIONNAME = "TonyPo Production";
				TargetAttributes = {
					0675DB9C24E91C6600F3D65E = {
						CreatedOnToolsVersion = 11.6;
					};
					0675DBB224E91C6700F3D65E = {
						CreatedOnToolsVersion = 11.6;
						TestTargetID = 0675DB9C24E91C6600F3D65E;
					};
				};
			};
			buildConfigurationList = 0675DB9824E91C6600F3D65E /* Build configuration list for PBXProject "OPNails" */;
			compatibilityVersion = "Xcode 9.3";
			developmentRegion = en;
			hasScannedForEncodings = 0;
			knownRegions = (
				en,
				Base,
			);
			mainGroup = 0675DB9424E91C6600F3D65E;
			productRefGroup = 0675DB9E24E91C6600F3D65E /* Products */;
			projectDirPath = "";
			projectRoot = "";
			targets = (
				0675DB9C24E91C6600F3D65E /* OPNails */,
				0675DBB224E91C6700F3D65E /* OPNailsTests */,
			);
		};
/* End PBXProject section */

/* Begin PBXResourcesBuildPhase section */
		0675DB9B24E91C6600F3D65E /* Resources */ = {
			isa = PBXResourcesBuildPhase;
			buildActionMask = 2147483647;
			files = (
				0613D30024EE71A7002785AB /* GoogleService-Info.plist in Resources */,
				06C23C1B24F29921000FF475 /* EmptyCell.xib in Resources */,
				06C23C1A24F29921000FF475 /* DayCell.xib in Resources */,
				063501D924FBC2190044923A /* UserAccountVC.xib in Resources */,
				069646A824EB0B5C008109E9 /* HoursCell.xib in Resources */,
				06DF7A0324EFF90C001F7FF1 /* RegistrationVC.xib in Resources */,
				063501C524F539C20044923A /* LoadingVC.xib in Resources */,
				0675DBAD24E91C6700F3D65E /* LaunchScreen.storyboard in Resources */,
				063501CA24FA76FA0044923A /* UsersVC.xib in Resources */,
				0675DBAA24E91C6700F3D65E /* Assets.xcassets in Resources */,
				06DF79FA24EE8F51001F7FF1 /* LoginVC.xib in Resources */,
				069646B524EBE314008109E9 /* NewEntryVC.xib in Resources */,
				0696469824E99B97008109E9 /* MonthNameHeaderView.xib in Resources */,
				063501D524FAD4250044923A /* UserCell.xib in Resources */,
				06BD9D6C250294FC0071355C /* PricelistVC.xib in Resources */,
			);
			runOnlyForDeploymentPostprocessing = 0;
		};
		0675DBB124E91C6700F3D65E /* Resources */ = {
			isa = PBXResourcesBuildPhase;
			buildActionMask = 2147483647;
			files = (
			);
			runOnlyForDeploymentPostprocessing = 0;
		};
/* End PBXResourcesBuildPhase section */

/* Begin PBXShellScriptBuildPhase section */
		060710448045C5A5D58AFBF0 /* [CP] Check Pods Manifest.lock */ = {
			isa = PBXShellScriptBuildPhase;
			buildActionMask = 2147483647;
			files = (
			);
			inputFileListPaths = (
			);
			inputPaths = (
				"${PODS_PODFILE_DIR_PATH}/Podfile.lock",
				"${PODS_ROOT}/Manifest.lock",
			);
			name = "[CP] Check Pods Manifest.lock";
			outputFileListPaths = (
			);
			outputPaths = (
				"$(DERIVED_FILE_DIR)/Pods-OPNailsTests-checkManifestLockResult.txt",
			);
			runOnlyForDeploymentPostprocessing = 0;
			shellPath = /bin/sh;
			shellScript = "diff \"${PODS_PODFILE_DIR_PATH}/Podfile.lock\" \"${PODS_ROOT}/Manifest.lock\" > /dev/null\nif [ $? != 0 ] ; then\n    # print error to STDERR\n    echo \"error: The sandbox is not in sync with the Podfile.lock. Run 'pod install' or update your CocoaPods installation.\" >&2\n    exit 1\nfi\n# This output is used by Xcode 'outputs' to avoid re-running this script phase.\necho \"SUCCESS\" > \"${SCRIPT_OUTPUT_FILE_0}\"\n";
			showEnvVarsInLog = 0;
		};
		1071197F580CEE81CB32890D /* [CP] Embed Pods Frameworks */ = {
			isa = PBXShellScriptBuildPhase;
			buildActionMask = 2147483647;
			files = (
			);
			inputFileListPaths = (
				"${PODS_ROOT}/Target Support Files/Pods-OPNails/Pods-OPNails-frameworks-${CONFIGURATION}-input-files.xcfilelist",
			);
			name = "[CP] Embed Pods Frameworks";
			outputFileListPaths = (
				"${PODS_ROOT}/Target Support Files/Pods-OPNails/Pods-OPNails-frameworks-${CONFIGURATION}-output-files.xcfilelist",
			);
			runOnlyForDeploymentPostprocessing = 0;
			shellPath = /bin/sh;
			shellScript = "\"${PODS_ROOT}/Target Support Files/Pods-OPNails/Pods-OPNails-frameworks.sh\"\n";
			showEnvVarsInLog = 0;
		};
		E46B420C04A8FAE2C7CC68B6 /* [CP] Check Pods Manifest.lock */ = {
			isa = PBXShellScriptBuildPhase;
			buildActionMask = 2147483647;
			files = (
			);
			inputFileListPaths = (
			);
			inputPaths = (
				"${PODS_PODFILE_DIR_PATH}/Podfile.lock",
				"${PODS_ROOT}/Manifest.lock",
			);
			name = "[CP] Check Pods Manifest.lock";
			outputFileListPaths = (
			);
			outputPaths = (
				"$(DERIVED_FILE_DIR)/Pods-OPNails-checkManifestLockResult.txt",
			);
			runOnlyForDeploymentPostprocessing = 0;
			shellPath = /bin/sh;
			shellScript = "diff \"${PODS_PODFILE_DIR_PATH}/Podfile.lock\" \"${PODS_ROOT}/Manifest.lock\" > /dev/null\nif [ $? != 0 ] ; then\n    # print error to STDERR\n    echo \"error: The sandbox is not in sync with the Podfile.lock. Run 'pod install' or update your CocoaPods installation.\" >&2\n    exit 1\nfi\n# This output is used by Xcode 'outputs' to avoid re-running this script phase.\necho \"SUCCESS\" > \"${SCRIPT_OUTPUT_FILE_0}\"\n";
			showEnvVarsInLog = 0;
		};
/* End PBXShellScriptBuildPhase section */

/* Begin PBXSourcesBuildPhase section */
		0675DB9924E91C6600F3D65E /* Sources */ = {
			isa = PBXSourcesBuildPhase;
			buildActionMask = 2147483647;
			files = (
				069646B424EBE314008109E9 /* NewEntryVC.swift in Sources */,
				06BD9D68250128770071355C /* Constants.swift in Sources */,
				069646AD24EBE07F008109E9 /* DayRowItemModel.swift in Sources */,
				063501BF24F3E8030044923A /* Entry.swift in Sources */,
				06C23C1524F19829000FF475 /* MonthViewProtocols.swift in Sources */,
				06C23C1D24F3E33E000FF475 /* User.swift in Sources */,
				06A26E4D24FBCD9F00E13F2C /* UserPresenter.swift in Sources */,
				06BD9D6624FFD10C0071355C /* Date+NewFunctions.swift in Sources */,
				063501D824FBC2190044923A /* UserAccountVC.swift in Sources */,
				063501CD24FA7E280044923A /* UsersPresenter.swift in Sources */,
				0696469224E97E8F008109E9 /* Presenter.swift in Sources */,
				0696469424E998D2008109E9 /* ReusableView.swift in Sources */,
				069646AA24EB315D008109E9 /* HoursPresenter.swift in Sources */,
				0696468E24E95BD7008109E9 /* DateModel.swift in Sources */,
				0638E4B524E927F0006A5956 /* DayCell.swift in Sources */,
				069646A224EB0950008109E9 /* AdminHoursListVC.swift in Sources */,
				063501C424F539C20044923A /* LoadingVC.swift in Sources */,
				06DF7A0224EFF90C001F7FF1 /* RegistrationVC.swift in Sources */,
				063501C924FA76FA0044923A /* UsersVC.swift in Sources */,
				06DF79FC24EE9AF8001F7FF1 /* LoginPresenter.swift in Sources */,
				069646C324ED8999008109E9 /* EmptyCell.swift in Sources */,
				0696468924E955BF008109E9 /* Appearance.swift in Sources */,
				0675DBA124E91C6600F3D65E /* AppDelegate.swift in Sources */,
				0638E4B124E925CF006A5956 /* MonthsVC.swift in Sources */,
				06BD9D6B250294FC0071355C /* PricelistVC.swift in Sources */,
				0696469024E95C04008109E9 /* DateManager.swift in Sources */,
				06DF79F924EE8F51001F7FF1 /* LoginVC.swift in Sources */,
				0696469724E99B97008109E9 /* MonthNameHeaderView.swift in Sources */,
				069646A724EB0B5C008109E9 /* HoursCell.swift in Sources */,
				0638E4AE24E9211A006A5956 /* MonthPresenter.swift in Sources */,
				0675DBA324E91C6600F3D65E /* SceneDelegate.swift in Sources */,
				063501D424FAD4250044923A /* UserCell.swift in Sources */,
				063501C124F3EC730044923A /* FirebaseManager.swift in Sources */,
				069646BE24ED2876008109E9 /* EntryPresenter.swift in Sources */,
			);
			runOnlyForDeploymentPostprocessing = 0;
		};
		0675DBAF24E91C6700F3D65E /* Sources */ = {
			isa = PBXSourcesBuildPhase;
			buildActionMask = 2147483647;
			files = (
				0675DBB824E91C6700F3D65E /* OPNailsTests.swift in Sources */,
				06BD9D6324FFD08D0071355C /* DateExtensionTests.swift in Sources */,
			);
			runOnlyForDeploymentPostprocessing = 0;
		};
/* End PBXSourcesBuildPhase section */

/* Begin PBXTargetDependency section */
		0675DBB524E91C6700F3D65E /* PBXTargetDependency */ = {
			isa = PBXTargetDependency;
			target = 0675DB9C24E91C6600F3D65E /* OPNails */;
			targetProxy = 0675DBB424E91C6700F3D65E /* PBXContainerItemProxy */;
		};
/* End PBXTargetDependency section */

/* Begin PBXVariantGroup section */
		0675DBAB24E91C6700F3D65E /* LaunchScreen.storyboard */ = {
			isa = PBXVariantGroup;
			children = (
				0675DBAC24E91C6700F3D65E /* Base */,
			);
			name = LaunchScreen.storyboard;
			sourceTree = "<group>";
		};
/* End PBXVariantGroup section */

/* Begin XCBuildConfiguration section */
		0675DBBA24E91C6700F3D65E /* Debug */ = {
			isa = XCBuildConfiguration;
			buildSettings = {
				ALWAYS_SEARCH_USER_PATHS = NO;
				CLANG_ANALYZER_LOCALIZABILITY_NONLOCALIZED = YES;
				CLANG_ANALYZER_NONNULL = YES;
				CLANG_ANALYZER_NUMBER_OBJECT_CONVERSION = YES_AGGRESSIVE;
				CLANG_CXX_LANGUAGE_STANDARD = "gnu++14";
				CLANG_CXX_LIBRARY = "libc++";
				CLANG_ENABLE_MODULES = YES;
				CLANG_ENABLE_OBJC_ARC = YES;
				CLANG_ENABLE_OBJC_WEAK = YES;
				CLANG_WARN_BLOCK_CAPTURE_AUTORELEASING = YES;
				CLANG_WARN_BOOL_CONVERSION = YES;
				CLANG_WARN_COMMA = YES;
				CLANG_WARN_CONSTANT_CONVERSION = YES;
				CLANG_WARN_DEPRECATED_OBJC_IMPLEMENTATIONS = YES;
				CLANG_WARN_DIRECT_OBJC_ISA_USAGE = YES_ERROR;
				CLANG_WARN_DOCUMENTATION_COMMENTS = YES;
				CLANG_WARN_EMPTY_BODY = YES;
				CLANG_WARN_ENUM_CONVERSION = YES;
				CLANG_WARN_INFINITE_RECURSION = YES;
				CLANG_WARN_INT_CONVERSION = YES;
				CLANG_WARN_NON_LITERAL_NULL_CONVERSION = YES;
				CLANG_WARN_OBJC_IMPLICIT_RETAIN_SELF = YES;
				CLANG_WARN_OBJC_LITERAL_CONVERSION = YES;
				CLANG_WARN_OBJC_ROOT_CLASS = YES_ERROR;
				CLANG_WARN_RANGE_LOOP_ANALYSIS = YES;
				CLANG_WARN_STRICT_PROTOTYPES = YES;
				CLANG_WARN_SUSPICIOUS_MOVE = YES;
				CLANG_WARN_UNGUARDED_AVAILABILITY = YES_AGGRESSIVE;
				CLANG_WARN_UNREACHABLE_CODE = YES;
				CLANG_WARN__DUPLICATE_METHOD_MATCH = YES;
				COPY_PHASE_STRIP = NO;
				DEBUG_INFORMATION_FORMAT = dwarf;
				ENABLE_STRICT_OBJC_MSGSEND = YES;
				ENABLE_TESTABILITY = YES;
				GCC_C_LANGUAGE_STANDARD = gnu11;
				GCC_DYNAMIC_NO_PIC = NO;
				GCC_NO_COMMON_BLOCKS = YES;
				GCC_OPTIMIZATION_LEVEL = 0;
				GCC_PREPROCESSOR_DEFINITIONS = (
					"DEBUG=1",
					"$(inherited)",
				);
				GCC_WARN_64_TO_32_BIT_CONVERSION = YES;
				GCC_WARN_ABOUT_RETURN_TYPE = YES_ERROR;
				GCC_WARN_UNDECLARED_SELECTOR = YES;
				GCC_WARN_UNINITIALIZED_AUTOS = YES_AGGRESSIVE;
				GCC_WARN_UNUSED_FUNCTION = YES;
				GCC_WARN_UNUSED_VARIABLE = YES;
				IPHONEOS_DEPLOYMENT_TARGET = 13.6;
				MTL_ENABLE_DEBUG_INFO = INCLUDE_SOURCE;
				MTL_FAST_MATH = YES;
				ONLY_ACTIVE_ARCH = YES;
				SDKROOT = iphoneos;
				SWIFT_ACTIVE_COMPILATION_CONDITIONS = DEBUG;
				SWIFT_OPTIMIZATION_LEVEL = "-Onone";
			};
			name = Debug;
		};
		0675DBBB24E91C6700F3D65E /* Release */ = {
			isa = XCBuildConfiguration;
			buildSettings = {
				ALWAYS_SEARCH_USER_PATHS = NO;
				CLANG_ANALYZER_LOCALIZABILITY_NONLOCALIZED = YES;
				CLANG_ANALYZER_NONNULL = YES;
				CLANG_ANALYZER_NUMBER_OBJECT_CONVERSION = YES_AGGRESSIVE;
				CLANG_CXX_LANGUAGE_STANDARD = "gnu++14";
				CLANG_CXX_LIBRARY = "libc++";
				CLANG_ENABLE_MODULES = YES;
				CLANG_ENABLE_OBJC_ARC = YES;
				CLANG_ENABLE_OBJC_WEAK = YES;
				CLANG_WARN_BLOCK_CAPTURE_AUTORELEASING = YES;
				CLANG_WARN_BOOL_CONVERSION = YES;
				CLANG_WARN_COMMA = YES;
				CLANG_WARN_CONSTANT_CONVERSION = YES;
				CLANG_WARN_DEPRECATED_OBJC_IMPLEMENTATIONS = YES;
				CLANG_WARN_DIRECT_OBJC_ISA_USAGE = YES_ERROR;
				CLANG_WARN_DOCUMENTATION_COMMENTS = YES;
				CLANG_WARN_EMPTY_BODY = YES;
				CLANG_WARN_ENUM_CONVERSION = YES;
				CLANG_WARN_INFINITE_RECURSION = YES;
				CLANG_WARN_INT_CONVERSION = YES;
				CLANG_WARN_NON_LITERAL_NULL_CONVERSION = YES;
				CLANG_WARN_OBJC_IMPLICIT_RETAIN_SELF = YES;
				CLANG_WARN_OBJC_LITERAL_CONVERSION = YES;
				CLANG_WARN_OBJC_ROOT_CLASS = YES_ERROR;
				CLANG_WARN_RANGE_LOOP_ANALYSIS = YES;
				CLANG_WARN_STRICT_PROTOTYPES = YES;
				CLANG_WARN_SUSPICIOUS_MOVE = YES;
				CLANG_WARN_UNGUARDED_AVAILABILITY = YES_AGGRESSIVE;
				CLANG_WARN_UNREACHABLE_CODE = YES;
				CLANG_WARN__DUPLICATE_METHOD_MATCH = YES;
				COPY_PHASE_STRIP = NO;
				DEBUG_INFORMATION_FORMAT = "dwarf-with-dsym";
				ENABLE_NS_ASSERTIONS = NO;
				ENABLE_STRICT_OBJC_MSGSEND = YES;
				GCC_C_LANGUAGE_STANDARD = gnu11;
				GCC_NO_COMMON_BLOCKS = YES;
				GCC_WARN_64_TO_32_BIT_CONVERSION = YES;
				GCC_WARN_ABOUT_RETURN_TYPE = YES_ERROR;
				GCC_WARN_UNDECLARED_SELECTOR = YES;
				GCC_WARN_UNINITIALIZED_AUTOS = YES_AGGRESSIVE;
				GCC_WARN_UNUSED_FUNCTION = YES;
				GCC_WARN_UNUSED_VARIABLE = YES;
				IPHONEOS_DEPLOYMENT_TARGET = 13.6;
				MTL_ENABLE_DEBUG_INFO = NO;
				MTL_FAST_MATH = YES;
				SDKROOT = iphoneos;
				SWIFT_COMPILATION_MODE = wholemodule;
				SWIFT_OPTIMIZATION_LEVEL = "-O";
				VALIDATE_PRODUCT = YES;
			};
			name = Release;
		};
		0675DBBD24E91C6700F3D65E /* Debug */ = {
			isa = XCBuildConfiguration;
			baseConfigurationReference = A75FCB363F44AACC9DF6B621 /* Pods-OPNails.debug.xcconfig */;
			buildSettings = {
				ASSETCATALOG_COMPILER_APPICON_NAME = AppIcon;
				CODE_SIGN_STYLE = Automatic;
				DEVELOPMENT_TEAM = 6HUZSCYG3W;
				INFOPLIST_FILE = OPNails/SupportingFiles/Info.plist;
				LD_RUNPATH_SEARCH_PATHS = (
					"$(inherited)",
					"@executable_path/Frameworks",
				);
				PRODUCT_BUNDLE_IDENTIFIER = TPP.OPNails;
				PRODUCT_NAME = "$(TARGET_NAME)";
				SWIFT_VERSION = 5.0;
				TARGETED_DEVICE_FAMILY = "1,2";
			};
			name = Debug;
		};
		0675DBBE24E91C6700F3D65E /* Release */ = {
			isa = XCBuildConfiguration;
			baseConfigurationReference = 0660B52D0DB9045A2E3DA871 /* Pods-OPNails.release.xcconfig */;
			buildSettings = {
				ASSETCATALOG_COMPILER_APPICON_NAME = AppIcon;
				CODE_SIGN_STYLE = Automatic;
				DEVELOPMENT_TEAM = 6HUZSCYG3W;
				INFOPLIST_FILE = OPNails/SupportingFiles/Info.plist;
				LD_RUNPATH_SEARCH_PATHS = (
					"$(inherited)",
					"@executable_path/Frameworks",
				);
				PRODUCT_BUNDLE_IDENTIFIER = TPP.OPNails;
				PRODUCT_NAME = "$(TARGET_NAME)";
				SWIFT_VERSION = 5.0;
				TARGETED_DEVICE_FAMILY = "1,2";
			};
			name = Release;
		};
		0675DBC024E91C6700F3D65E /* Debug */ = {
			isa = XCBuildConfiguration;
			baseConfigurationReference = 28F9B780D134CBA7F86902B1 /* Pods-OPNailsTests.debug.xcconfig */;
			buildSettings = {
				ALWAYS_EMBED_SWIFT_STANDARD_LIBRARIES = YES;
				BUNDLE_LOADER = "$(TEST_HOST)";
				CODE_SIGN_STYLE = Automatic;
				DEVELOPMENT_TEAM = 6HUZSCYG3W;
				INFOPLIST_FILE = OPNailsTests/Info.plist;
				IPHONEOS_DEPLOYMENT_TARGET = 13.6;
				LD_RUNPATH_SEARCH_PATHS = (
					"$(inherited)",
					"@executable_path/Frameworks",
					"@loader_path/Frameworks",
				);
				PRODUCT_BUNDLE_IDENTIFIER = TPP.OPNailsTests;
				PRODUCT_NAME = "$(TARGET_NAME)";
				SWIFT_VERSION = 5.0;
				TARGETED_DEVICE_FAMILY = "1,2";
				TEST_HOST = "$(BUILT_PRODUCTS_DIR)/OPNails.app/OPNails";
			};
			name = Debug;
		};
		0675DBC124E91C6700F3D65E /* Release */ = {
			isa = XCBuildConfiguration;
			baseConfigurationReference = FB67019C92EBA41B8D59547B /* Pods-OPNailsTests.release.xcconfig */;
			buildSettings = {
				ALWAYS_EMBED_SWIFT_STANDARD_LIBRARIES = YES;
				BUNDLE_LOADER = "$(TEST_HOST)";
				CODE_SIGN_STYLE = Automatic;
				DEVELOPMENT_TEAM = 6HUZSCYG3W;
				INFOPLIST_FILE = OPNailsTests/Info.plist;
				IPHONEOS_DEPLOYMENT_TARGET = 13.6;
				LD_RUNPATH_SEARCH_PATHS = (
					"$(inherited)",
					"@executable_path/Frameworks",
					"@loader_path/Frameworks",
				);
				PRODUCT_BUNDLE_IDENTIFIER = TPP.OPNailsTests;
				PRODUCT_NAME = "$(TARGET_NAME)";
				SWIFT_VERSION = 5.0;
				TARGETED_DEVICE_FAMILY = "1,2";
				TEST_HOST = "$(BUILT_PRODUCTS_DIR)/OPNails.app/OPNails";
			};
			name = Release;
		};
/* End XCBuildConfiguration section */

/* Begin XCConfigurationList section */
		0675DB9824E91C6600F3D65E /* Build configuration list for PBXProject "OPNails" */ = {
			isa = XCConfigurationList;
			buildConfigurations = (
				0675DBBA24E91C6700F3D65E /* Debug */,
				0675DBBB24E91C6700F3D65E /* Release */,
			);
			defaultConfigurationIsVisible = 0;
			defaultConfigurationName = Release;
		};
		0675DBBC24E91C6700F3D65E /* Build configuration list for PBXNativeTarget "OPNails" */ = {
			isa = XCConfigurationList;
			buildConfigurations = (
				0675DBBD24E91C6700F3D65E /* Debug */,
				0675DBBE24E91C6700F3D65E /* Release */,
			);
			defaultConfigurationIsVisible = 0;
			defaultConfigurationName = Release;
		};
		0675DBBF24E91C6700F3D65E /* Build configuration list for PBXNativeTarget "OPNailsTests" */ = {
			isa = XCConfigurationList;
			buildConfigurations = (
				0675DBC024E91C6700F3D65E /* Debug */,
				0675DBC124E91C6700F3D65E /* Release */,
			);
			defaultConfigurationIsVisible = 0;
			defaultConfigurationName = Release;
		};
/* End XCConfigurationList section */
	};
	rootObject = 0675DB9524E91C6600F3D65E /* Project object */;
}
